
Microsoft Visual Studio Solution File, Format Version 12.00
# Visual Studio Version 17
VisualStudioVersion = 17.8.34525.116
MinimumVisualStudioVersion = 10.0.40219.1
Project("{9A19103F-16F7-4668-BE54-9A1E7A4F7556}") = "HospitalManagement", "HospitalManagement\HospitalManagement.csproj", "{3EDE7698-8BF1-4475-8CF3-3493899FBE13}"
EndProject
Project("{9A19103F-16F7-4668-BE54-9A1E7A4F7556}") = "EntityManagement", "EntityManagement\EntityManagement.csproj", "{79861218-14D8-4960-8E75-5A244A0A7105}"
EndProject
Project("{9A19103F-16F7-4668-BE54-9A1E7A4F7556}") = "ServicesManagement", "Services\ServicesManagement.csproj", "{BC84E875-EBF8-4436-BD45-B8DCE7B41A3A}"
EndProject
Global
	GlobalSection(SolutionConfigurationPlatforms) = preSolution
		Debug|Any CPU = Debug|Any CPU
		Release|Any CPU = Release|Any CPU
	EndGlobalSection
	GlobalSection(ProjectConfigurationPlatforms) = postSolution
		{3EDE7698-8BF1-4475-8CF3-3493899FBE13}.Debug|Any CPU.ActiveCfg = Debug|Any CPU
		{3EDE7698-8BF1-4475-8CF3-3493899FBE13}.Debug|Any CPU.Build.0 = Debug|Any CPU
		{3EDE7698-8BF1-4475-8CF3-3493899FBE13}.Release|Any CPU.ActiveCfg = Release|Any CPU
		{3EDE7698-8BF1-4475-8CF3-3493899FBE13}.Release|Any CPU.Build.0 = Release|Any CPU
		{79861218-14D8-4960-8E75-5A244A0A7105}.Debug|Any CPU.ActiveCfg = Debug|Any CPU
		{79861218-14D8-4960-8E75-5A244A0A7105}.Debug|Any CPU.Build.0 = Debug|Any CPU
		{79861218-14D8-4960-8E75-5A244A0A7105}.Release|Any CPU.ActiveCfg = Release|Any CPU
		{79861218-14D8-4960-8E75-5A244A0A7105}.Release|Any CPU.Build.0 = Release|Any CPU
		{BC84E875-EBF8-4436-BD45-B8DCE7B41A3A}.Debug|Any CPU.ActiveCfg = Debug|Any CPU
		{BC84E875-EBF8-4436-BD45-B8DCE7B41A3A}.Debug|Any CPU.Build.0 = Debug|Any CPU
		{BC84E875-EBF8-4436-BD45-B8DCE7B41A3A}.Release|Any CPU.ActiveCfg = Release|Any CPU
		{BC84E875-EBF8-4436-BD45-B8DCE7B41A3A}.Release|Any CPU.Build.0 = Release|Any CPU
	EndGlobalSection
	GlobalSection(SolutionProperties) = preSolution
		HideSolutionNode = FALSE
	EndGlobalSection
	GlobalSection(ExtensibilityGlobals) = postSolution
		SolutionGuid = {1B83F1FA-0094-4CBB-873F-3D28A49DCE78}
	EndGlobalSection
EndGlobal
